Microsoft Visual Studio Solution File, Format Version 12.00
# Visual Studio Version 17
VisualStudioVersion = 17.5.2.0
MinimumVisualStudioVersion = 10.0.40219.1
Project("{FAE04EC0-301F-11D3-BF4B-00C04F79EFBC}") = "SimpleEcommerce", "SimpleEcommerce\SimpleEcommerce.csproj", "{90A67A78-F0AD-C7D0-3074-815C3A5328DB}"
EndProject
Global
	GlobalSection(SolutionConfigurationPlatforms) = preSolution
		Debug|Any CPU = Debug|Any CPU
		Release|Any CPU = Release|Any CPU
	EndGlobalSection
	GlobalSection(ProjectConfigurationPlatforms) = postSolution
		{90A67A78-F0AD-C7D0-3074-815C3A5328DB}.Debug|Any CPU.ActiveCfg = Debug|Any CPU
		{90A67A78-F0AD-C7D0-3074-815C3A5328DB}.Debug|Any CPU.Build.0 = Debug|Any CPU
		{90A67A78-F0AD-C7D0-3074-815C3A5328DB}.Release|Any CPU.ActiveCfg = Release|Any CPU
		{90A67A78-F0AD-C7D0-3074-815C3A5328DB}.Release|Any CPU.Build.0 = Release|Any CPU
	EndGlobalSection
	GlobalSection(SolutionProperties) = preSolution
		HideSolutionNode = FALSE
	EndGlobalSection
	GlobalSection(ExtensibilityGlobals) = postSolution
		SolutionGuid = {6F93B991-4563-481F-93E6-722A64660C6A}
	EndGlobalSection
EndGlobal
